Microsoft Visual Studio Solution File, Format Version 12.00
# Visual Studio Version 17
VisualStudioVersion = 17.5.2.0
MinimumVisualStudioVersion = 10.0.40219.1
Project("{FAE04EC0-301F-11D3-BF4B-00C04F79EFBC}") = "coursera", "coursera.csproj", "{6637AFDB-7C32-0E6F-DBAF-5ED957B84328}"
EndProject
Global
	GlobalSection(SolutionConfigurationPlatforms) = preSolution
		Debug|Any CPU = Debug|Any CPU
		Release|Any CPU = Release|Any CPU
	EndGlobalSection
	GlobalSection(ProjectConfigurationPlatforms) = postSolution
		{6637AFDB-7C32-0E6F-DBAF-5ED957B84328}.Debug|Any CPU.ActiveCfg = Debug|Any CPU
		{6637AFDB-7C32-0E6F-DBAF-5ED957B84328}.Debug|Any CPU.Build.0 = Debug|Any CPU
		{6637AFDB-7C32-0E6F-DBAF-5ED957B84328}.Release|Any CPU.ActiveCfg = Release|Any CPU
		{6637AFDB-7C32-0E6F-DBAF-5ED957B84328}.Release|Any CPU.Build.0 = Release|Any CPU
	EndGlobalSection
	GlobalSection(SolutionProperties) = preSolution
		HideSolutionNode = FALSE
	EndGlobalSection
	GlobalSection(ExtensibilityGlobals) = postSolution
		SolutionGuid = {C7CE5C6D-947F-41C9-B6E6-60BF5EA27370}
	EndGlobalSection
EndGlobal
